github.com/golang/protobuf v1.3.2 h1:6nsPYzhq5kReh6QImI3k5qWzO4PEbvbIW2cwSfR/6xs=
github.com/golang/protobuf v1.3.2/go.mod h1:6lQm79b+lXiMfvg/cZm0SGofjICqVBUtrP5yJMmIC1U=
github.com/mattn/go-colorable v0.1.2 h1:/bC9yWikZXAL9uJdulbSfyVNIR3n3trXl+v8+1sx8mU=
github.com/mattn/go-colorable v0.1.2/go.mod h1:U0ppj6V5qS13XJ6of8GYAs25YV2eR4EVcfRqFIhoBtE=
github.com/mattn/go-isatty v0.0.8 h1:HLtExJ+uU2HOZ+wI0Tt5DtUDrx8yhUqDcp7fYERX4CE=
github.com/mattn/go-isatty v0.0.8/go.mod h1:Iq45c/XA43vh69/j3iqttzPXn0bhXyGjM0Hdxcsrc5s=
github.com/nats-io/nats.go v1.8.1 h1:6lF/f1/NN6kzUDBz6pyvQDEXO39jqXcWRLu/tKjtOUQ=
github.com/nats-io/nats.go v1.8.1/go.mod h1:BrFz9vVn0fU3AcH9Vn4Kd7W0NpJ651tD5omQ3M8LwxM=
github.com/nats-io/nkeys v0.0.2 h1:+qM7QpgXnvDDixitZtQUBDY9w/s9mu1ghS+JIbsrx6M=
github.com/nats-io/nkeys v0.0.2/go.mod h1:dab7URMsZm6Z/jp9Z5UGa87Uutgc2mVpXLC4B7TDb/4=
github.com/nats-io/nuid v1.0.1 h1:5iA8DT8V7q8WK2EScv2padNa/rTESc1KdnPw4TC2paw=
github.com/nats-io/nuid v1.0.1/go.mod h1:19wcPz3Ph3q0Jbyiqsd0kePYG7A95tJPxeL+1OSON2c=
github.com/shamaton/msgpack v1.1.1 h1:wZcK/aIifWvsDl6jXo+c/tRYo9Vnb8abWCossDbj2Ww=
github.com/shamaton/msgpack v1.1.1/go.mod h1:ibiaNQRTCUISAYkkyOpaSCEBiCAxXe6u6Mu1sQ6945U=
golang.org/x/crypto v0.0.0-20181203042331-505ab145d0a9 h1:mKdxBk7AujPs8kU4m80U72y/zjbZ3UcXC7dClwKbUI0=
golang.org/x/crypto v0.0.0-20181203042331-505ab145d0a9/go.mod h1:6SG95UA2DQfeDnfUPMdvaQW0Q7yPrPDi9nlGo2tz2b4=
golang.org/x/sys v0.0.0-20190222072716-a9d3bda3a223/go.mod h1:STP8DvDyc/dI5b8T5hshtkjS+E42TnysNCUPdjciGhY=
